
Microsoft Visual Studio Solution File, Format Version 12.00
# Visual Studio 15
VisualStudioVersion = 15.0.28307.168
MinimumVisualStudioVersion = 10.0.40219.1
Project("{FAE04EC0-301F-11D3-BF4B-00C04F79EFBC}") = "baldeep", "baldeep\baldeep.csproj", "{EAAC9505-2BFB-41C8-BB8D-C0FA29328FB8}"
EndProject
Global
	GlobalSection(SolutionConfigurationPlatforms) = preSolution
		Debug|Any CPU = Debug|Any CPU
		Release|Any CPU = Release|Any CPU
	EndGlobalSection
	GlobalSection(ProjectConfigurationPlatforms) = postSolution
		{EAAC9505-2BFB-41C8-BB8D-C0FA29328FB8}.Debug|Any CPU.ActiveCfg = Debug|Any CPU
		{EAAC9505-2BFB-41C8-BB8D-C0FA29328FB8}.Debug|Any CPU.Build.0 = Debug|Any CPU
		{EAAC9505-2BFB-41C8-BB8D-C0FA29328FB8}.Release|Any CPU.ActiveCfg = Release|Any CPU
		{EAAC9505-2BFB-41C8-BB8D-C0FA29328FB8}.Release|Any CPU.Build.0 = Release|Any CPU
	EndGlobalSection
	GlobalSection(SolutionProperties) = preSolution
		HideSolutionNode = FALSE
	EndGlobalSection
	GlobalSection(ExtensibilityGlobals) = postSolution
		SolutionGuid = {ACA68290-A612-49C9-9DA1-5ECCD2BCBCAE}
	EndGlobalSection
EndGlobal
